
Microsoft Visual Studio Solution File, Format Version 12.00
# Visual Studio 14
VisualStudioVersion = 14.0.25420.1
MinimumVisualStudioVersion = 10.0.40219.1
Project("{FAE04EC0-301F-11D3-BF4B-00C04F79EFBC}") = "QUANLYNHANSU", "QUANLYNHANSU\QUANLYNHANSU.csproj", "{34D26467-5002-4F1F-B42A-BD84D97AFC0D}"
EndProject
Project("{FAE04EC0-301F-11D3-BF4B-00C04F79EFBC}") = "DAL", "DAL\DAL.csproj", "{612FED37-84CD-43BB-BF76-DAC50CE8E4F5}"
EndProject
Project("{FAE04EC0-301F-11D3-BF4B-00C04F79EFBC}") = "BUS", "BUS\BUS.csproj", "{B8FCDA43-FE63-4FEC-AFAE-40DFEA05032E}"
EndProject
Project("{FAE04EC0-301F-11D3-BF4B-00C04F79EFBC}") = "ValueObject", "ValueObject\ValueObject.csproj", "{6B21D509-1765-481E-897C-914ADA322CCE}"
EndProject
Global
	GlobalSection(SolutionConfigurationPlatforms) = preSolution
		Debug|Any CPU = Debug|Any CPU
		Release|Any CPU = Release|Any CPU
	EndGlobalSection
	GlobalSection(ProjectConfigurationPlatforms) = postSolution
		{34D26467-5002-4F1F-B42A-BD84D97AFC0D}.Debug|Any CPU.ActiveCfg = Debug|Any CPU
		{34D26467-5002-4F1F-B42A-BD84D97AFC0D}.Debug|Any CPU.Build.0 = Debug|Any CPU
		{34D26467-5002-4F1F-B42A-BD84D97AFC0D}.Release|Any CPU.ActiveCfg = Release|Any CPU
		{34D26467-5002-4F1F-B42A-BD84D97AFC0D}.Release|Any CPU.Build.0 = Release|Any CPU
		{612FED37-84CD-43BB-BF76-DAC50CE8E4F5}.Debug|Any CPU.ActiveCfg = Debug|Any CPU
		{612FED37-84CD-43BB-BF76-DAC50CE8E4F5}.Debug|Any CPU.Build.0 = Debug|Any CPU
		{612FED37-84CD-43BB-BF76-DAC50CE8E4F5}.Release|Any CPU.ActiveCfg = Release|Any CPU
		{612FED37-84CD-43BB-BF76-DAC50CE8E4F5}.Release|Any CPU.Build.0 = Release|Any CPU
		{B8FCDA43-FE63-4FEC-AFAE-40DFEA05032E}.Debug|Any CPU.ActiveCfg = Debug|Any CPU
		{B8FCDA43-FE63-4FEC-AFAE-40DFEA05032E}.Debug|Any CPU.Build.0 = Debug|Any CPU
		{B8FCDA43-FE63-4FEC-AFAE-40DFEA05032E}.Release|Any CPU.ActiveCfg = Release|Any CPU
		{B8FCDA43-FE63-4FEC-AFAE-40DFEA05032E}.Release|Any CPU.Build.0 = Release|Any CPU
		{6B21D509-1765-481E-897C-914ADA322CCE}.Debug|Any CPU.ActiveCfg = Debug|Any CPU
		{6B21D509-1765-481E-897C-914ADA322CCE}.Debug|Any CPU.Build.0 = Debug|Any CPU
		{6B21D509-1765-481E-897C-914ADA322CCE}.Release|Any CPU.ActiveCfg = Release|Any CPU
		{6B21D509-1765-481E-897C-914ADA322CCE}.Release|Any CPU.Build.0 = Release|Any CPU
	EndGlobalSection
	GlobalSection(SolutionProperties) = preSolution
		HideSolutionNode = FALSE
	EndGlobalSection
EndGlobal
